// !$*UTF8*$!
{
	archiveVersion = 1;
	classes = {
	};
	objectVersion = 52;
	objects = {

/* Begin PBXBuildFile section */
		071FA2EB274FDB05005A7EAC /* UserDefault.swift in Sources */ = {isa = PBXBuildFile; fileRef = 071FA2EA274FDB05005A7EAC /* UserDefault.swift */; };
		071FA2EF274FE479005A7EAC /* FavoritesModel.swift in Sources */ = {isa = PBXBuildFile; fileRef = 071FA2EE274FE479005A7EAC /* FavoritesModel.swift */; };
		0726090A2749EDB000FD64E7 /* ChampsModel.swift in Sources */ = {isa = PBXBuildFile; fileRef = 072609092749EDB000FD64E7 /* ChampsModel.swift */; };
		0726090D274A024500FD64E7 /* NavigationStack in Frameworks */ = {isa = PBXBuildFile; productRef = 0726090C274A024500FD64E7 /* NavigationStack */; };
		07260910274A024E00FD64E7 /* SwiftSoup in Frameworks */ = {isa = PBXBuildFile; productRef = 0726090F274A024E00FD64E7 /* SwiftSoup */; };
		07327B7D2729FA4000B78152 /* FetchSchedule.swift in Sources */ = {isa = PBXBuildFile; fileRef = 07327B7C2729FA4000B78152 /* FetchSchedule.swift */; };
		0741E173273D7859008C7BD3 /* ReadMe.swift in Sources */ = {isa = PBXBuildFile; fileRef = 0741E172273D7859008C7BD3 /* ReadMe.swift */; };
		07446B9E273234C100923DD5 /* DateCalculations.swift in Sources */ = {isa = PBXBuildFile; fileRef = 07446B9D273234C100923DD5 /* DateCalculations.swift */; };
		07446BA027323D3E00923DD5 /* D2.swift in Sources */ = {isa = PBXBuildFile; fileRef = 07446B9F27323D3E00923DD5 /* D2.swift */; };
		07446BA227323D4600923DD5 /* D3.swift in Sources */ = {isa = PBXBuildFile; fileRef = 07446BA127323D4600923DD5 /* D3.swift */; };
		075D8CF52745883500C2B297 /* PDF.swift in Sources */ = {isa = PBXBuildFile; fileRef = 075D8CF42745883500C2B297 /* PDF.swift */; };
		07689C2C2752A6AA00AC1A3E /* NoStandings.swift in Sources */ = {isa = PBXBuildFile; fileRef = 07689C2B2752A6AA00AC1A3E /* NoStandings.swift */; };
		076B0EC7274BEC5E00BB83CE /* Constants.swift in Sources */ = {isa = PBXBuildFile; fileRef = 076B0EC6274BEC5E00BB83CE /* Constants.swift */; };
		077527EA26ECD93400B9C5AC /* TabBarButton.swift in Sources */ = {isa = PBXBuildFile; fileRef = 077527E926ECD93400B9C5AC /* TabBarButton.swift */; };
		077791B2272F4DA20059192F /* ConferenceSchedule.swift in Sources */ = {isa = PBXBuildFile; fileRef = 077791B1272F4DA20059192F /* ConferenceSchedule.swift */; };
		077C0D19274F30D0001E91B4 /* FavoritesView.swift in Sources */ = {isa = PBXBuildFile; fileRef = 077C0D18274F30D0001E91B4 /* FavoritesView.swift */; };
		078D497F26E9041E00052FA2 /* College_Soccer_ScoresApp.swift in Sources */ = {isa = PBXBuildFile; fileRef = 078D497E26E9041E00052FA2 /* College_Soccer_ScoresApp.swift */; };
		078D498126E9041E00052FA2 /* ContentView.swift in Sources */ = {isa = PBXBuildFile; fileRef = 078D498026E9041E00052FA2 /* ContentView.swift */; };
		078D498326E9042000052FA2 /* Assets.xcassets in Resources */ = {isa = PBXBuildFile; fileRef = 078D498226E9042000052FA2 /* Assets.xcassets */; };
		078D498626E9042000052FA2 /* Preview Assets.xcassets in Resources */ = {isa = PBXBuildFile; fileRef = 078D498526E9042000052FA2 /* Preview Assets.xcassets */; };
		078D49AA26E931F800052FA2 /* Division.swift in Sources */ = {isa = PBXBuildFile; fileRef = 078D49A926E931F800052FA2 /* Division.swift */; };
		078D49AC26E9A32E00052FA2 /* ConferenceLogo.swift in Sources */ = {isa = PBXBuildFile; fileRef = 078D49AB26E9A32E00052FA2 /* ConferenceLogo.swift */; };
		078D49AE26E9A63100052FA2 /* ConferencesRow.swift in Sources */ = {isa = PBXBuildFile; fileRef = 078D49AD26E9A63100052FA2 /* ConferencesRow.swift */; };
		0791C85C275064D200A87CFC /* TabBar.swift in Sources */ = {isa = PBXBuildFile; fileRef = 0791C85B275064D200A87CFC /* TabBar.swift */; };
		0791C8622750684A00A87CFC /* GeoReader.swift in Sources */ = {isa = PBXBuildFile; fileRef = 0791C8612750684A00A87CFC /* GeoReader.swift */; };
		0791C864275069FA00A87CFC /* AppBar.swift in Sources */ = {isa = PBXBuildFile; fileRef = 0791C863275069FA00A87CFC /* AppBar.swift */; };
		0791C8682750753E00A87CFC /* NoFavorites.swift in Sources */ = {isa = PBXBuildFile; fileRef = 0791C8672750753E00A87CFC /* NoFavorites.swift */; };
		079478CA274EFACC007CCBA4 /* DropDown.swift in Sources */ = {isa = PBXBuildFile; fileRef = 079478C9274EFACC007CCBA4 /* DropDown.swift */; };
		079478CC274EFB8A007CCBA4 /* GameSchedule.swift in Sources */ = {isa = PBXBuildFile; fileRef = 079478CB274EFB8A007CCBA4 /* GameSchedule.swift */; };
		079478CE274F0539007CCBA4 /* NoGames.swift in Sources */ = {isa = PBXBuildFile; fileRef = 079478CD274F0539007CCBA4 /* NoGames.swift */; };
		079478D0274F0D21007CCBA4 /* StandingsHeader.swift in Sources */ = {isa = PBXBuildFile; fileRef = 079478CF274F0D21007CCBA4 /* StandingsHeader.swift */; };
		079478D2274F0D4A007CCBA4 /* StandingsBody.swift in Sources */ = {isa = PBXBuildFile; fileRef = 079478D1274F0D4A007CCBA4 /* StandingsBody.swift */; };
		0796F736274D74F200A876A1 /* ConferenceChampionship.swift in Sources */ = {isa = PBXBuildFile; fileRef = 0796F735274D74F200A876A1 /* ConferenceChampionship.swift */; };
		0796F738274D8BAE00A876A1 /* TournamentModel.swift in Sources */ = {isa = PBXBuildFile; fileRef = 0796F737274D8BAD00A876A1 /* TournamentModel.swift */; };
		0796F73A274D9B6F00A876A1 /* BadConnection.swift in Sources */ = {isa = PBXBuildFile; fileRef = 0796F739274D9B6F00A876A1 /* BadConnection.swift */; };
		0796F742274DE81400A876A1 /* SwiftfulLoadingIndicators in Frameworks */ = {isa = PBXBuildFile; productRef = 0796F741274DE81400A876A1 /* SwiftfulLoadingIndicators */; };
		079E616F26EBA43100890B3E /* DivisionNavigation.swift in Sources */ = {isa = PBXBuildFile; fileRef = 079E616E26EBA43100890B3E /* DivisionNavigation.swift */; };
		07A5A9DE273A1FBB001392F0 /* Rankings.swift in Sources */ = {isa = PBXBuildFile; fileRef = 07A5A9DD273A1FBB001392F0 /* Rankings.swift */; };
		07A5A9E0273C2C9D001392F0 /* Structs.swift in Sources */ = {isa = PBXBuildFile; fileRef = 07A5A9DF273C2C9D001392F0 /* Structs.swift */; };
		07A5A9E3273C2D24001392F0 /* GameStruct.swift in Sources */ = {isa = PBXBuildFile; fileRef = 07A5A9E2273C2D24001392F0 /* GameStruct.swift */; };
		07AC802B272DF1390064555F /* FetchStandings.swift in Sources */ = {isa = PBXBuildFile; fileRef = 07AC802A272DF1390064555F /* FetchStandings.swift */; };
		07AC802D272E13FE0064555F /* FetchRankings.swift in Sources */ = {isa = PBXBuildFile; fileRef = 07AC802C272E13FE0064555F /* FetchRankings.swift */; };
		07C81C0A273CC790004808E2 /* RankingModel.swift in Sources */ = {isa = PBXBuildFile; fileRef = 07C81C09273CC790004808E2 /* RankingModel.swift */; };
		07C81C0C273CC7AC004808E2 /* ScheduleModel.swift in Sources */ = {isa = PBXBuildFile; fileRef = 07C81C0B273CC7AC004808E2 /* ScheduleModel.swift */; };
		07C81C0E273CC7CA004808E2 /* StandingModel.swift in Sources */ = {isa = PBXBuildFile; fileRef = 07C81C0D273CC7CA004808E2 /* StandingModel.swift */; };
		07CF9CF62731B8E70073F53B /* D1.swift in Sources */ = {isa = PBXBuildFile; fileRef = 07CF9CF52731B8E70073F53B /* D1.swift */; };
		07D050062747F33000B6EC93 /* DivisionChampionship.swift in Sources */ = {isa = PBXBuildFile; fileRef = 07D050052747F33000B6EC93 /* DivisionChampionship.swift */; };
		07D54585272C325A00074CE4 /* ConferenceStandings.swift in Sources */ = {isa = PBXBuildFile; fileRef = 07D54584272C325A00074CE4 /* ConferenceStandings.swift */; };
		07FDD127275421CD006A83EA /* ConferenceNavigation.swift in Sources */ = {isa = PBXBuildFile; fileRef = 07FDD126275421CD006A83EA /* ConferenceNavigation.swift */; };
/* End PBXBuildFile section */

/* Begin PBXFileReference section */
		071FA2EA274FDB05005A7EAC /* UserDefault.swift */ = {isa = PBXFileReference; lastKnownFileType = sourcecode.swift; path = UserDefault.swift; sourceTree = "<group>"; };
		071FA2EE274FE479005A7EAC /* FavoritesModel.swift */ = {isa = PBXFileReference; lastKnownFileType = sourcecode.swift; path = FavoritesModel.swift; sourceTree = "<group>"; };
		072609092749EDB000FD64E7 /* ChampsModel.swift */ = {isa = PBXFileReference; lastKnownFileType = sourcecode.swift; path = ChampsModel.swift; sourceTree = "<group>"; };
		07327B7C2729FA4000B78152 /* FetchSchedule.swift */ = {isa = PBXFileReference; lastKnownFileType = sourcecode.swift; path = FetchSchedule.swift; sourceTree = "<group>"; };
		0741E172273D7859008C7BD3 /* ReadMe.swift */ = {isa = PBXFileReference; lastKnownFileType = sourcecode.swift; path = ReadMe.swift; sourceTree = "<group>"; };
		07446B9D273234C100923DD5 /* DateCalculations.swift */ = {isa = PBXFileReference; lastKnownFileType = sourcecode.swift; path = DateCalculations.swift; sourceTree = "<group>"; };
		07446B9F27323D3E00923DD5 /* D2.swift */ = {isa = PBXFileReference; lastKnownFileType = sourcecode.swift; path = D2.swift; sourceTree = "<group>"; };
		07446BA127323D4600923DD5 /* D3.swift */ = {isa = PBXFileReference; lastKnownFileType = sourcecode.swift; path = D3.swift; sourceTree = "<group>"; };
		075D8CF42745883500C2B297 /* PDF.swift */ = {isa = PBXFileReference; lastKnownFileType = sourcecode.swift; path = PDF.swift; sourceTree = "<group>"; };
		07689C2B2752A6AA00AC1A3E /* NoStandings.swift */ = {isa = PBXFileReference; lastKnownFileType = sourcecode.swift; path = NoStandings.swift; sourceTree = "<group>"; };
		076B0EC6274BEC5E00BB83CE /* Constants.swift */ = {isa = PBXFileReference; lastKnownFileType = sourcecode.swift; path = Constants.swift; sourceTree = "<group>"; };
		077527E926ECD93400B9C5AC /* TabBarButton.swift */ = {isa = PBXFileReference; lastKnownFileType = sourcecode.swift; path = TabBarButton.swift; sourceTree = "<group>"; };
		077791B1272F4DA20059192F /* ConferenceSchedule.swift */ = {isa = PBXFileReference; lastKnownFileType = sourcecode.swift; path = ConferenceSchedule.swift; sourceTree = "<group>"; };
		077C0D18274F30D0001E91B4 /* FavoritesView.swift */ = {isa = PBXFileReference; lastKnownFileType = sourcecode.swift; path = FavoritesView.swift; sourceTree = "<group>"; };
		078D497B26E9041E00052FA2 /* NCAA Soccer.app */ = {isa = PBXFileReference; explicitFileType = wrapper.application; includeInIndex = 0; path = "NCAA Soccer.app"; sourceTree = BUILT_PRODUCTS_DIR; };
		078D497E26E9041E00052FA2 /* College_Soccer_ScoresApp.swift */ = {isa = PBXFileReference; lastKnownFileType = sourcecode.swift; path = College_Soccer_ScoresApp.swift; sourceTree = "<group>"; };
		078D498026E9041E00052FA2 /* ContentView.swift */ = {isa = PBXFileReference; lastKnownFileType = sourcecode.swift; path = ContentView.swift; sourceTree = "<group>"; };
		078D498226E9042000052FA2 /* Assets.xcassets */ = {isa = PBXFileReference; lastKnownFileType = folder.assetcatalog; path = Assets.xcassets; sourceTree = "<group>"; };
		078D498526E9042000052FA2 /* Preview Assets.xcassets */ = {isa = PBXFileReference; lastKnownFileType = folder.assetcatalog; path = "Preview Assets.xcassets"; sourceTree = "<group>"; };
		078D498726E9042000052FA2 /* Info.plist */ = {isa = PBXFileReference; lastKnownFileType = text.plist.xml; path = Info.plist; sourceTree = "<group>"; };
		078D49A926E931F800052FA2 /* Division.swift */ = {isa = PBXFileReference; lastKnownFileType = sourcecode.swift; path = Division.swift; sourceTree = "<group>"; };
		078D49AB26E9A32E00052FA2 /* ConferenceLogo.swift */ = {isa = PBXFileReference; lastKnownFileType = sourcecode.swift; path = ConferenceLogo.swift; sourceTree = "<group>"; };
		078D49AD26E9A63100052FA2 /* ConferencesRow.swift */ = {isa = PBXFileReference; lastKnownFileType = sourcecode.swift; path = ConferencesRow.swift; sourceTree = "<group>"; };
		0791C85B275064D200A87CFC /* TabBar.swift */ = {isa = PBXFileReference; lastKnownFileType = sourcecode.swift; path = TabBar.swift; sourceTree = "<group>"; };
		0791C8612750684A00A87CFC /* GeoReader.swift */ = {isa = PBXFileReference; lastKnownFileType = sourcecode.swift; path = GeoReader.swift; sourceTree = "<group>"; };
		0791C863275069FA00A87CFC /* AppBar.swift */ = {isa = PBXFileReference; lastKnownFileType = sourcecode.swift; path = AppBar.swift; sourceTree = "<group>"; };
		0791C8672750753E00A87CFC /* NoFavorites.swift */ = {isa = PBXFileReference; lastKnownFileType = sourcecode.swift; path = NoFavorites.swift; sourceTree = "<group>"; };
		079478C9274EFACC007CCBA4 /* DropDown.swift */ = {isa = PBXFileReference; lastKnownFileType = sourcecode.swift; path = DropDown.swift; sourceTree = "<group>"; };
		079478CB274EFB8A007CCBA4 /* GameSchedule.swift */ = {isa = PBXFileReference; lastKnownFileType = sourcecode.swift; path = GameSchedule.swift; sourceTree = "<group>"; };
		079478CD274F0539007CCBA4 /* NoGames.swift */ = {isa = PBXFileReference; lastKnownFileType = sourcecode.swift; path = NoGames.swift; sourceTree = "<group>"; };
		079478CF274F0D21007CCBA4 /* StandingsHeader.swift */ = {isa = PBXFileReference; lastKnownFileType = sourcecode.swift; path = StandingsHeader.swift; sourceTree = "<group>"; };
		079478D1274F0D4A007CCBA4 /* StandingsBody.swift */ = {isa = PBXFileReference; lastKnownFileType = sourcecode.swift; path = StandingsBody.swift; sourceTree = "<group>"; };
		0796F735274D74F200A876A1 /* ConferenceChampionship.swift */ = {isa = PBXFileReference; lastKnownFileType = sourcecode.swift; path = ConferenceChampionship.swift; sourceTree = "<group>"; };
		0796F737274D8BAD00A876A1 /* TournamentModel.swift */ = {isa = PBXFileReference; lastKnownFileType = sourcecode.swift; path = TournamentModel.swift; sourceTree = "<group>"; };
		0796F739274D9B6F00A876A1 /* BadConnection.swift */ = {isa = PBXFileReference; lastKnownFileType = sourcecode.swift; path = BadConnection.swift; sourceTree = "<group>"; };
		079E616E26EBA43100890B3E /* DivisionNavigation.swift */ = {isa = PBXFileReference; lastKnownFileType = sourcecode.swift; path = DivisionNavigation.swift; sourceTree = "<group>"; };
		07A5A9DD273A1FBB001392F0 /* Rankings.swift */ = {isa = PBXFileReference; lastKnownFileType = sourcecode.swift; path = Rankings.swift; sourceTree = "<group>"; };
		07A5A9DF273C2C9D001392F0 /* Structs.swift */ = {isa = PBXFileReference; lastKnownFileType = sourcecode.swift; path = Structs.swift; sourceTree = "<group>"; };
		07A5A9E2273C2D24001392F0 /* GameStruct.swift */ = {isa = PBXFileReference; lastKnownFileType = sourcecode.swift; path = GameStruct.swift; sourceTree = "<group>"; };
		07AC802A272DF1390064555F /* FetchStandings.swift */ = {isa = PBXFileReference; lastKnownFileType = sourcecode.swift; path = FetchStandings.swift; sourceTree = "<group>"; };
		07AC802C272E13FE0064555F /* FetchRankings.swift */ = {isa = PBXFileReference; lastKnownFileType = sourcecode.swift; path = FetchRankings.swift; sourceTree = "<group>"; };
		07C81C09273CC790004808E2 /* RankingModel.swift */ = {isa = PBXFileReference; lastKnownFileType = sourcecode.swift; path = RankingModel.swift; sourceTree = "<group>"; };
		07C81C0B273CC7AC004808E2 /* ScheduleModel.swift */ = {isa = PBXFileReference; lastKnownFileType = sourcecode.swift; path = ScheduleModel.swift; sourceTree = "<group>"; };
		07C81C0D273CC7CA004808E2 /* StandingModel.swift */ = {isa = PBXFileReference; lastKnownFileType = sourcecode.swift; path = StandingModel.swift; sourceTree = "<group>"; };
		07CF9CF52731B8E70073F53B /* D1.swift */ = {isa = PBXFileReference; lastKnownFileType = sourcecode.swift; path = D1.swift; sourceTree = "<group>"; };
		07D050052747F33000B6EC93 /* DivisionChampionship.swift */ = {isa = PBXFileReference; lastKnownFileType = sourcecode.swift; path = DivisionChampionship.swift; sourceTree = "<group>"; };
		07D54584272C325A00074CE4 /* ConferenceStandings.swift */ = {isa = PBXFileReference; lastKnownFileType = sourcecode.swift; path = ConferenceStandings.swift; sourceTree = "<group>"; };
		07FDD126275421CD006A83EA /* ConferenceNavigation.swift */ = {isa = PBXFileReference; fileEncoding = 4; lastKnownFileType = sourcecode.swift; path = ConferenceNavigation.swift; sourceTree = "<group>"; };
/* End PBXFileReference section */

/* Begin PBXFrameworksBuildPhase section */
		078D497826E9041E00052FA2 /* Frameworks */ = {
			isa = PBXFrameworksBuildPhase;
			buildActionMask = 2147483647;
			files = (
				0726090D274A024500FD64E7 /* NavigationStack in Frameworks */,
				07260910274A024E00FD64E7 /* SwiftSoup in Frameworks */,
				0796F742274DE81400A876A1 /* SwiftfulLoadingIndicators in Frameworks */,
			);
			runOnlyForDeploymentPostprocessing = 0;
		};
/* End PBXFrameworksBuildPhase section */

/* Begin PBXGroup section */
		07260911274A036600FD64E7 /* Championship */ = {
			isa = PBXGroup;
			children = (
				07D050052747F33000B6EC93 /* DivisionChampionship.swift */,
				075D8CF42745883500C2B297 /* PDF.swift */,
			);
			path = Championship;
			sourceTree = "<group>";
		};
		07446B9B2732348300923DD5 /* Data */ = {
			isa = PBXGroup;
			children = (
				07AC802E272E166D0064555F /* FetchData */,
				07A5A9E1273C2D04001392F0 /* Structs */,
				07CF9CF52731B8E70073F53B /* D1.swift */,
				07446B9F27323D3E00923DD5 /* D2.swift */,
				07446BA127323D4600923DD5 /* D3.swift */,
				076B0EC6274BEC5E00BB83CE /* Constants.swift */,
			);
			path = Data;
			sourceTree = "<group>";
		};
		07446B9C273234A600923DD5 /* Schedule */ = {
			isa = PBXGroup;
			children = (
				077791B1272F4DA20059192F /* ConferenceSchedule.swift */,
				079478CB274EFB8A007CCBA4 /* GameSchedule.swift */,
				079478C9274EFACC007CCBA4 /* DropDown.swift */,
			);
			path = Schedule;
			sourceTree = "<group>";
		};
		07633D6C26EA699E00CDAE1B /* Division */ = {
			isa = PBXGroup;
			children = (
				07C81C02273C82CF004808E2 /* Overview */,
				07A5A9DD273A1FBB001392F0 /* Rankings.swift */,
				07260911274A036600FD64E7 /* Championship */,
			);
			path = Division;
			sourceTree = "<group>";
		};
		078C425F26F0379500FB6C15 /* ConferenceNavigation */ = {
			isa = PBXGroup;
			children = (
				07FDD126275421CD006A83EA /* ConferenceNavigation.swift */,
			);
			path = ConferenceNavigation;
			sourceTree = "<group>";
		};
		078C426026F037D000FB6C15 /* DivisionNavigation */ = {
			isa = PBXGroup;
			children = (
				079E616E26EBA43100890B3E /* DivisionNavigation.swift */,
				0791C86627506C1A00A87CFC /* Favorites */,
			);
			path = DivisionNavigation;
			sourceTree = "<group>";
		};
		078C426126F03B9400FB6C15 /* Conference */ = {
			isa = PBXGroup;
			children = (
				07446B9C273234A600923DD5 /* Schedule */,
				079478D3274F0D95007CCBA4 /* Standings */,
				0796F735274D74F200A876A1 /* ConferenceChampionship.swift */,
			);
			path = Conference;
			sourceTree = "<group>";
		};
		078D497226E9041E00052FA2 = {
			isa = PBXGroup;
			children = (
				078D497D26E9041E00052FA2 /* College Soccer Scores */,
				078D497C26E9041E00052FA2 /* Products */,
			);
			sourceTree = "<group>";
		};
		078D497C26E9041E00052FA2 /* Products */ = {
			isa = PBXGroup;
			children = (
				078D497B26E9041E00052FA2 /* NCAA Soccer.app */,
			);
			name = Products;
			sourceTree = "<group>";
		};
		078D497D26E9041E00052FA2 /* College Soccer Scores */ = {
			isa = PBXGroup;
			children = (
				078D497E26E9041E00052FA2 /* College_Soccer_ScoresApp.swift */,
				078D498026E9041E00052FA2 /* ContentView.swift */,
				0741E172273D7859008C7BD3 /* ReadMe.swift */,
				0791C86527506BF800A87CFC /* Bars */,
				078C426026F037D000FB6C15 /* DivisionNavigation */,
				07633D6C26EA699E00CDAE1B /* Division */,
				078C425F26F0379500FB6C15 /* ConferenceNavigation */,
				078C426126F03B9400FB6C15 /* Conference */,
				07446B9B2732348300923DD5 /* Data */,
				07C81C08273CC75B004808E2 /* viewModels */,
				0796F73F274DB50B00A876A1 /* LoadingViews */,
				07446B9D273234C100923DD5 /* DateCalculations.swift */,
				078D498226E9042000052FA2 /* Assets.xcassets */,
				078D498726E9042000052FA2 /* Info.plist */,
				078D498426E9042000052FA2 /* Preview Content */,
			);
			path = "College Soccer Scores";
			sourceTree = "<group>";
		};
		078D498426E9042000052FA2 /* Preview Content */ = {
			isa = PBXGroup;
			children = (
				078D498526E9042000052FA2 /* Preview Assets.xcassets */,
			);
			path = "Preview Content";
			sourceTree = "<group>";
		};
		0791C85F2750677E00A87CFC /* Conference */ = {
			isa = PBXGroup;
			children = (
				07C81C0B273CC7AC004808E2 /* ScheduleModel.swift */,
				07C81C0D273CC7CA004808E2 /* StandingModel.swift */,
				0796F737274D8BAD00A876A1 /* TournamentModel.swift */,
			);
			path = Conference;
			sourceTree = "<group>";
		};
		0791C860275067AC00A87CFC /* Division */ = {
			isa = PBXGroup;
			children = (
				07C81C09273CC790004808E2 /* RankingModel.swift */,
				072609092749EDB000FD64E7 /* ChampsModel.swift */,
			);
			path = Division;
			sourceTree = "<group>";
		};
		0791C86527506BF800A87CFC /* Bars */ = {
			isa = PBXGroup;
			children = (
				0791C863275069FA00A87CFC /* AppBar.swift */,
				0791C85B275064D200A87CFC /* TabBar.swift */,
				077527E926ECD93400B9C5AC /* TabBarButton.swift */,
				0791C8612750684A00A87CFC /* GeoReader.swift */,
			);
			path = Bars;
			sourceTree = "<group>";
		};
		0791C86627506C1A00A87CFC /* Favorites */ = {
			isa = PBXGroup;
			children = (
				077C0D18274F30D0001E91B4 /* FavoritesView.swift */,
				071FA2EA274FDB05005A7EAC /* UserDefault.swift */,
			);
			path = Favorites;
			sourceTree = "<group>";
		};
		079478D3274F0D95007CCBA4 /* Standings */ = {
			isa = PBXGroup;
			children = (
				07D54584272C325A00074CE4 /* ConferenceStandings.swift */,
				079478CF274F0D21007CCBA4 /* StandingsHeader.swift */,
				079478D1274F0D4A007CCBA4 /* StandingsBody.swift */,
			);
			path = Standings;
			sourceTree = "<group>";
		};
		0796F73F274DB50B00A876A1 /* LoadingViews */ = {
			isa = PBXGroup;
			children = (
				0796F739274D9B6F00A876A1 /* BadConnection.swift */,
				07689C2B2752A6AA00AC1A3E /* NoStandings.swift */,
				0791C8672750753E00A87CFC /* NoFavorites.swift */,
				079478CD274F0539007CCBA4 /* NoGames.swift */,
			);
			path = LoadingViews;
			sourceTree = "<group>";
		};
		07A5A9E1273C2D04001392F0 /* Structs */ = {
			isa = PBXGroup;
			children = (
				07A5A9DF273C2C9D001392F0 /* Structs.swift */,
				07A5A9E2273C2D24001392F0 /* GameStruct.swift */,
			);
			path = Structs;
			sourceTree = "<group>";
		};
		07AC802E272E166D0064555F /* FetchData */ = {
			isa = PBXGroup;
			children = (
				07327B7C2729FA4000B78152 /* FetchSchedule.swift */,
				07AC802A272DF1390064555F /* FetchStandings.swift */,
				07AC802C272E13FE0064555F /* FetchRankings.swift */,
			);
			path = FetchData;
			sourceTree = "<group>";
		};
		07C81C02273C82CF004808E2 /* Overview */ = {
			isa = PBXGroup;
			children = (
				078D49A926E931F800052FA2 /* Division.swift */,
				078D49AD26E9A63100052FA2 /* ConferencesRow.swift */,
				078D49AB26E9A32E00052FA2 /* ConferenceLogo.swift */,
			);
			path = Overview;
			sourceTree = "<group>";
		};
		07C81C08273CC75B004808E2 /* viewModels */ = {
			isa = PBXGroup;
			children = (
				071FA2EE274FE479005A7EAC /* FavoritesModel.swift */,
				0791C85F2750677E00A87CFC /* Conference */,
				0791C860275067AC00A87CFC /* Division */,
			);
			path = viewModels;
			sourceTree = "<group>";
		};
/* End PBXGroup section */

/* Begin PBXNativeTarget section */
		078D497A26E9041E00052FA2 /* NCAA Soccer */ = {
			isa = PBXNativeTarget;
			buildConfigurationList = 078D49A026E9042000052FA2 /* Build configuration list for PBXNativeTarget "NCAA Soccer" */;
			buildPhases = (
				078D497726E9041E00052FA2 /* Sources */,
				078D497826E9041E00052FA2 /* Frameworks */,
				078D497926E9041E00052FA2 /* Resources */,
			);
			buildRules = (
			);
			dependencies = (
			);
			name = "NCAA Soccer";
			packageProductDependencies = (
				0726090C274A024500FD64E7 /* NavigationStack */,
				0726090F274A024E00FD64E7 /* SwiftSoup */,
				0796F741274DE81400A876A1 /* SwiftfulLoadingIndicators */,
			);
			productName = "College Soccer Scores";
			productReference = 078D497B26E9041E00052FA2 /* NCAA Soccer.app */;
			productType = "com.apple.product-type.application";
		};
/* End PBXNativeTarget section */

/* Begin PBXProject section */
		078D497326E9041E00052FA2 /* Project object */ = {
			isa = PBXProject;
			attributes = {
				LastSwiftUpdateCheck = 1250;
				LastUpgradeCheck = 1250;
				TargetAttributes = {
					078D497A26E9041E00052FA2 = {
						CreatedOnToolsVersion = 12.5.1;
					};
				};
			};
			buildConfigurationList = 078D497626E9041E00052FA2 /* Build configuration list for PBXProject "NCAA Soccer" */;
			compatibilityVersion = "Xcode 9.3";
			developmentRegion = en;
			hasScannedForEncodings = 0;
			knownRegions = (
				en,
				Base,
			);
			mainGroup = 078D497226E9041E00052FA2;
			packageReferences = (
				0726090B274A024500FD64E7 /* XCRemoteSwiftPackageReference "swiftui-navigation-stack" */,
				0726090E274A024E00FD64E7 /* XCRemoteSwiftPackageReference "SwiftSoup" */,
				0796F740274DE81400A876A1 /* XCRemoteSwiftPackageReference "SwiftfulLoadingIndicators" */,
			);
			productRefGroup = 078D497C26E9041E00052FA2 /* Products */;
			projectDirPath = "";
			projectRoot = "";
			targets = (
				078D497A26E9041E00052FA2 /* NCAA Soccer */,
			);
		};
/* End PBXProject section */

/* Begin PBXResourcesBuildPhase section */
		078D497926E9041E00052FA2 /* Resources */ = {
			isa = PBXResourcesBuildPhase;
			buildActionMask = 2147483647;
			files = (
				078D498626E9042000052FA2 /* Preview Assets.xcassets in Resources */,
				078D498326E9042000052FA2 /* Assets.xcassets in Resources */,
			);
			runOnlyForDeploymentPostprocessing = 0;
		};
/* End PBXResourcesBuildPhase section */

/* Begin PBXSourcesBuildPhase section */
		078D497726E9041E00052FA2 /* Sources */ = {
			isa = PBXSourcesBuildPhase;
			buildActionMask = 2147483647;
			files = (
				07AC802B272DF1390064555F /* FetchStandings.swift in Sources */,
				0791C864275069FA00A87CFC /* AppBar.swift in Sources */,
				0791C8622750684A00A87CFC /* GeoReader.swift in Sources */,
				077C0D19274F30D0001E91B4 /* FavoritesView.swift in Sources */,
				071FA2EB274FDB05005A7EAC /* UserDefault.swift in Sources */,
				078D49AC26E9A32E00052FA2 /* ConferenceLogo.swift in Sources */,
				07689C2C2752A6AA00AC1A3E /* NoStandings.swift in Sources */,
				075D8CF52745883500C2B297 /* PDF.swift in Sources */,
				077791B2272F4DA20059192F /* ConferenceSchedule.swift in Sources */,
				079E616F26EBA43100890B3E /* DivisionNavigation.swift in Sources */,
				0791C8682750753E00A87CFC /* NoFavorites.swift in Sources */,
				0796F73A274D9B6F00A876A1 /* BadConnection.swift in Sources */,
				079478CE274F0539007CCBA4 /* NoGames.swift in Sources */,
				07AC802D272E13FE0064555F /* FetchRankings.swift in Sources */,
				078D49AE26E9A63100052FA2 /* ConferencesRow.swift in Sources */,
				0796F736274D74F200A876A1 /* ConferenceChampionship.swift in Sources */,
				078D49AA26E931F800052FA2 /* Division.swift in Sources */,
				077527EA26ECD93400B9C5AC /* TabBarButton.swift in Sources */,
				079478CC274EFB8A007CCBA4 /* GameSchedule.swift in Sources */,
				079478CA274EFACC007CCBA4 /* DropDown.swift in Sources */,
				07327B7D2729FA4000B78152 /* FetchSchedule.swift in Sources */,
				07CF9CF62731B8E70073F53B /* D1.swift in Sources */,
				07D54585272C325A00074CE4 /* ConferenceStandings.swift in Sources */,
				0726090A2749EDB000FD64E7 /* ChampsModel.swift in Sources */,
				079478D2274F0D4A007CCBA4 /* StandingsBody.swift in Sources */,
				07A5A9E0273C2C9D001392F0 /* Structs.swift in Sources */,
				076B0EC7274BEC5E00BB83CE /* Constants.swift in Sources */,
				0741E173273D7859008C7BD3 /* ReadMe.swift in Sources */,
				07D050062747F33000B6EC93 /* DivisionChampionship.swift in Sources */,
				07FDD127275421CD006A83EA /* ConferenceNavigation.swift in Sources */,
				07446B9E273234C100923DD5 /* DateCalculations.swift in Sources */,
				078D498126E9041E00052FA2 /* ContentView.swift in Sources */,
				07A5A9E3273C2D24001392F0 /* GameStruct.swift in Sources */,
				07446BA027323D3E00923DD5 /* D2.swift in Sources */,
				079478D0274F0D21007CCBA4 /* StandingsHeader.swift in Sources */,
				071FA2EF274FE479005A7EAC /* FavoritesModel.swift in Sources */,
				07C81C0C273CC7AC004808E2 /* ScheduleModel.swift in Sources */,
				0791C85C275064D200A87CFC /* TabBar.swift in Sources */,
				07446BA227323D4600923DD5 /* D3.swift in Sources */,
				078D497F26E9041E00052FA2 /* College_Soccer_ScoresApp.swift in Sources */,
				07A5A9DE273A1FBB001392F0 /* Rankings.swift in Sources */,
				07C81C0E273CC7CA004808E2 /* StandingModel.swift in Sources */,
				07C81C0A273CC790004808E2 /* RankingModel.swift in Sources */,
				0796F738274D8BAE00A876A1 /* TournamentModel.swift in Sources */,
			);
			runOnlyForDeploymentPostprocessing = 0;
		};
/* End PBXSourcesBuildPhase section */

/* Begin XCBuildConfiguration section */
		078D499E26E9042000052FA2 /* Debug */ = {
			isa = XCBuildConfiguration;
			buildSettings = {
				ALWAYS_SEARCH_USER_PATHS = NO;
				CLANG_ANALYZER_NONNULL = YES;
				CLANG_ANALYZER_NUMBER_OBJECT_CONVERSION = YES_AGGRESSIVE;
				CLANG_CXX_LANGUAGE_STANDARD = "gnu++14";
				CLANG_CXX_LIBRARY = "libc++";
				CLANG_ENABLE_MODULES = YES;
				CLANG_ENABLE_OBJC_ARC = YES;
				CLANG_ENABLE_OBJC_WEAK = YES;
				CLANG_WARN_BLOCK_CAPTURE_AUTORELEASING = YES;
				CLANG_WARN_BOOL_CONVERSION = YES;
				CLANG_WARN_COMMA = YES;
				CLANG_WARN_CONSTANT_CONVERSION = YES;
				CLANG_WARN_DEPRECATED_OBJC_IMPLEMENTATIONS = YES;
				CLANG_WARN_DIRECT_OBJC_ISA_USAGE = YES_ERROR;
				CLANG_WARN_DOCUMENTATION_COMMENTS = YES;
				CLANG_WARN_EMPTY_BODY = YES;
				CLANG_WARN_ENUM_CONVERSION = YES;
				CLANG_WARN_INFINITE_RECURSION = YES;
				CLANG_WARN_INT_CONVERSION = YES;
				CLANG_WARN_NON_LITERAL_NULL_CONVERSION = YES;
				CLANG_WARN_OBJC_IMPLICIT_RETAIN_SELF = YES;
				CLANG_WARN_OBJC_LITERAL_CONVERSION = YES;
				CLANG_WARN_OBJC_ROOT_CLASS = YES_ERROR;
				CLANG_WARN_QUOTED_INCLUDE_IN_FRAMEWORK_HEADER = YES;
				CLANG_WARN_RANGE_LOOP_ANALYSIS = YES;
				CLANG_WARN_STRICT_PROTOTYPES = YES;
				CLANG_WARN_SUSPICIOUS_MOVE = YES;
				CLANG_WARN_UNGUARDED_AVAILABILITY = YES_AGGRESSIVE;
				CLANG_WARN_UNREACHABLE_CODE = YES;
				CLANG_WARN__DUPLICATE_METHOD_MATCH = YES;
				COPY_PHASE_STRIP = NO;
				DEBUG_INFORMATION_FORMAT = dwarf;
				ENABLE_STRICT_OBJC_MSGSEND = YES;
				ENABLE_TESTABILITY = YES;
				GCC_C_LANGUAGE_STANDARD = gnu11;
				GCC_DYNAMIC_NO_PIC = NO;
				GCC_NO_COMMON_BLOCKS = YES;
				GCC_OPTIMIZATION_LEVEL = 0;
				GCC_PREPROCESSOR_DEFINITIONS = (
					"DEBUG=1",
					"$(inherited)",
				);
				GCC_WARN_64_TO_32_BIT_CONVERSION = YES;
				GCC_WARN_ABOUT_RETURN_TYPE = YES_ERROR;
				GCC_WARN_UNDECLARED_SELECTOR = YES;
				GCC_WARN_UNINITIALIZED_AUTOS = YES_AGGRESSIVE;
				GCC_WARN_UNUSED_FUNCTION = YES;
				GCC_WARN_UNUSED_VARIABLE = YES;
				IPHONEOS_DEPLOYMENT_TARGET = 15.0;
				MTL_ENABLE_DEBUG_INFO = INCLUDE_SOURCE;
				MTL_FAST_MATH = YES;
				ONLY_ACTIVE_ARCH = YES;
				SDKROOT = iphoneos;
				SWIFT_ACTIVE_COMPILATION_CONDITIONS = DEBUG;
				SWIFT_OPTIMIZATION_LEVEL = "-Onone";
			};
			name = Debug;
		};
		078D499F26E9042000052FA2 /* Release */ = {
			isa = XCBuildConfiguration;
			buildSettings = {
				ALWAYS_SEARCH_USER_PATHS = NO;
				CLANG_ANALYZER_NONNULL = YES;
				CLANG_ANALYZER_NUMBER_OBJECT_CONVERSION = YES_AGGRESSIVE;
				CLANG_CXX_LANGUAGE_STANDARD = "gnu++14";
				CLANG_CXX_LIBRARY = "libc++";
				CLANG_ENABLE_MODULES = YES;
				CLANG_ENABLE_OBJC_ARC = YES;
				CLANG_ENABLE_OBJC_WEAK = YES;
				CLANG_WARN_BLOCK_CAPTURE_AUTORELEASING = YES;
				CLANG_WARN_BOOL_CONVERSION = YES;
				CLANG_WARN_COMMA = YES;
				CLANG_WARN_CONSTANT_CONVERSION = YES;
				CLANG_WARN_DEPRECATED_OBJC_IMPLEMENTATIONS = YES;
				CLANG_WARN_DIRECT_OBJC_ISA_USAGE = YES_ERROR;
				CLANG_WARN_DOCUMENTATION_COMMENTS = YES;
				CLANG_WARN_EMPTY_BODY = YES;
				CLANG_WARN_ENUM_CONVERSION = YES;
				CLANG_WARN_INFINITE_RECURSION = YES;
				CLANG_WARN_INT_CONVERSION = YES;
				CLANG_WARN_NON_LITERAL_NULL_CONVERSION = YES;
				CLANG_WARN_OBJC_IMPLICIT_RETAIN_SELF = YES;
				CLANG_WARN_OBJC_LITERAL_CONVERSION = YES;
				CLANG_WARN_OBJC_ROOT_CLASS = YES_ERROR;
				CLANG_WARN_QUOTED_INCLUDE_IN_FRAMEWORK_HEADER = YES;
				CLANG_WARN_RANGE_LOOP_ANALYSIS = YES;
				CLANG_WARN_STRICT_PROTOTYPES = YES;
				CLANG_WARN_SUSPICIOUS_MOVE = YES;
				CLANG_WARN_UNGUARDED_AVAILABILITY = YES_AGGRESSIVE;
				CLANG_WARN_UNREACHABLE_CODE = YES;
				CLANG_WARN__DUPLICATE_METHOD_MATCH = YES;
				COPY_PHASE_STRIP = NO;
				DEBUG_INFORMATION_FORMAT = "dwarf-with-dsym";
				ENABLE_NS_ASSERTIONS = NO;
				ENABLE_STRICT_OBJC_MSGSEND = YES;
				GCC_C_LANGUAGE_STANDARD = gnu11;
				GCC_NO_COMMON_BLOCKS = YES;
				GCC_WARN_64_TO_32_BIT_CONVERSION = YES;
				GCC_WARN_ABOUT_RETURN_TYPE = YES_ERROR;
				GCC_WARN_UNDECLARED_SELECTOR = YES;
				GCC_WARN_UNINITIALIZED_AUTOS = YES_AGGRESSIVE;
				GCC_WARN_UNUSED_FUNCTION = YES;
				GCC_WARN_UNUSED_VARIABLE = YES;
				IPHONEOS_DEPLOYMENT_TARGET = 15.0;
				MTL_ENABLE_DEBUG_INFO = NO;
				MTL_FAST_MATH = YES;
				SDKROOT = iphoneos;
				SWIFT_COMPILATION_MODE = wholemodule;
				SWIFT_OPTIMIZATION_LEVEL = "-O";
				VALIDATE_PRODUCT = YES;
			};
			name = Release;
		};
		078D49A126E9042000052FA2 /* Debug */ = {
			isa = XCBuildConfiguration;
			buildSettings = {
				ASSETCATALOG_COMPILER_APPICON_NAME = AppIcon;
				ASSETCATALOG_COMPILER_GLOBAL_ACCENT_COLOR_NAME = AccentColor;
				CODE_SIGN_IDENTITY = "Apple Development";
				CODE_SIGN_STYLE = Automatic;
				DEVELOPMENT_ASSET_PATHS = "\"College Soccer Scores/Preview Content\"";
				DEVELOPMENT_TEAM = 586BF5F3M9;
				ENABLE_PREVIEWS = YES;
				INFOPLIST_FILE = "College Soccer Scores/Info.plist";
				IPHONEOS_DEPLOYMENT_TARGET = 15.0;
				LD_RUNPATH_SEARCH_PATHS = (
					"$(inherited)",
					"@executable_path/Frameworks",
				);
				PRODUCT_BUNDLE_IDENTIFIER = "com.JariPolm.College-Soccer-Scores";
				PRODUCT_NAME = "NCAA Soccer";
				PROVISIONING_PROFILE_SPECIFIER = "";
				SWIFT_VERSION = 5.0;
				TARGETED_DEVICE_FAMILY = 1;
			};
			name = Debug;
		};
		078D49A226E9042000052FA2 /* Release */ = {
			isa = XCBuildConfiguration;
			buildSettings = {
				ASSETCATALOG_COMPILER_APPICON_NAME = AppIcon;
				ASSETCATALOG_COMPILER_GLOBAL_ACCENT_COLOR_NAME = AccentColor;
				CODE_SIGN_IDENTITY = "Apple Development";
				CODE_SIGN_STYLE = Automatic;
				DEVELOPMENT_ASSET_PATHS = "\"College Soccer Scores/Preview Content\"";
				DEVELOPMENT_TEAM = 586BF5F3M9;
				ENABLE_PREVIEWS = YES;
				INFOPLIST_FILE = "College Soccer Scores/Info.plist";
				IPHONEOS_DEPLOYMENT_TARGET = 15.0;
				LD_RUNPATH_SEARCH_PATHS = (
					"$(inherited)",
					"@executable_path/Frameworks",
				);
				PRODUCT_BUNDLE_IDENTIFIER = "com.JariPolm.College-Soccer-Scores";
				PRODUCT_NAME = "NCAA Soccer";
				PROVISIONING_PROFILE_SPECIFIER = "";
				SWIFT_VERSION = 5.0;
				TARGETED_DEVICE_FAMILY = 1;
			};
			name = Release;
		};
/* End XCBuildConfiguration section */

/* Begin XCConfigurationList section */
		078D497626E9041E00052FA2 /* Build configuration list for PBXProject "NCAA Soccer" */ = {
			isa = XCConfigurationList;
			buildConfigurations = (
				078D499E26E9042000052FA2 /* Debug */,
				078D499F26E9042000052FA2 /* Release */,
			);
			defaultConfigurationIsVisible = 0;
			defaultConfigurationName = Release;
		};
		078D49A026E9042000052FA2 /* Build configuration list for PBXNativeTarget "NCAA Soccer" */ = {
			isa = XCConfigurationList;
			buildConfigurations = (
				078D49A126E9042000052FA2 /* Debug */,
				078D49A226E9042000052FA2 /* Release */,
			);
			defaultConfigurationIsVisible = 0;
			defaultConfigurationName = Release;
		};
/* End XCConfigurationList section */

/* Begin XCRemoteSwiftPackageReference section */
		0726090B274A024500FD64E7 /* XCRemoteSwiftPackageReference "swiftui-navigation-stack" */ = {
			isa = XCRemoteSwiftPackageReference;
			repositoryURL = "https://github.com/matteopuc/swiftui-navigation-stack.git";
			requirement = {
				branch = develop;
				kind = branch;
			};
		};
		0726090E274A024E00FD64E7 /* XCRemoteSwiftPackageReference "SwiftSoup" */ = {
			isa = XCRemoteSwiftPackageReference;
			repositoryURL = "https://github.com/scinfu/SwiftSoup";
			requirement = {
				branch = master;
				kind = branch;
			};
		};
		0796F740274DE81400A876A1 /* XCRemoteSwiftPackageReference "SwiftfulLoadingIndicators" */ = {
			isa = XCRemoteSwiftPackageReference;
			repositoryURL = "https://github.com/SwiftfulThinking/SwiftfulLoadingIndicators.git";
			requirement = {
				kind = upToNextMajorVersion;
				minimumVersion = 0.0.4;
			};
		};
/* End XCRemoteSwiftPackageReference section */

/* Begin XCSwiftPackageProductDependency section */
		0726090C274A024500FD64E7 /* NavigationStack */ = {
			isa = XCSwiftPackageProductDependency;
			package = 0726090B274A024500FD64E7 /* XCRemoteSwiftPackageReference "swiftui-navigation-stack" */;
			productName = NavigationStack;
		};
		0726090F274A024E00FD64E7 /* SwiftSoup */ = {
			isa = XCSwiftPackageProductDependency;
			package = 0726090E274A024E00FD64E7 /* XCRemoteSwiftPackageReference "SwiftSoup" */;
			productName = SwiftSoup;
		};
		0796F741274DE81400A876A1 /* SwiftfulLoadingIndicators */ = {
			isa = XCSwiftPackageProductDependency;
			package = 0796F740274DE81400A876A1 /* XCRemoteSwiftPackageReference "SwiftfulLoadingIndicators" */;
			productName = SwiftfulLoadingIndicators;
		};
/* End XCSwiftPackageProductDependency section */
	};
	rootObject = 078D497326E9041E00052FA2 /* Project object */;
}
